
Microsoft Visual Studio Solution File, Format Version 12.00
# Visual Studio Version 17
VisualStudioVersion = 17.10.35027.167
MinimumVisualStudioVersion = 10.0.40219.1
Project("{FAE04EC0-301F-11D3-BF4B-00C04F79EFBC}") = "SharpScan", "SharpScan.csproj", "{CA26E548-BED0-4564-99A8-460AAE0C9A90}"
EndProject
Project("{9A19103F-16F7-4668-BE54-9A1E7A4F7556}") = "SharpScan.Core", "..\SharpScan.Core\SharpScan.Core.csproj", "{03ADFBEA-E5C7-4934-8327-72358A1083E2}"
EndProject
Project("{FAE04EC0-301F-11D3-BF4B-00C04F79EFBC}") = "Test", "..\Test\Test.csproj", "{E6EF8E13-301B-4877-92BD-83FFBC7CD1D2}"
EndProject
Global
	GlobalSection(SolutionConfigurationPlatforms) = preSolution
		Debug|Any CPU = Debug|Any CPU
		Release|Any CPU = Release|Any CPU
		ReleaseNET40_Only|Any CPU = ReleaseNET40_Only|Any CPU
	EndGlobalSection
	GlobalSection(ProjectConfigurationPlatforms) = postSolution
		{CA26E548-BED0-4564-99A8-460AAE0C9A90}.Debug|Any CPU.ActiveCfg = Debug|Any CPU
		{CA26E548-BED0-4564-99A8-460AAE0C9A90}.Debug|Any CPU.Build.0 = Debug|Any CPU
		{CA26E548-BED0-4564-99A8-460AAE0C9A90}.Release|Any CPU.ActiveCfg = Release|Any CPU
		{CA26E548-BED0-4564-99A8-460AAE0C9A90}.Release|Any CPU.Build.0 = Release|Any CPU
		{CA26E548-BED0-4564-99A8-460AAE0C9A90}.ReleaseNET40_Only|Any CPU.ActiveCfg = Release|Any CPU
		{CA26E548-BED0-4564-99A8-460AAE0C9A90}.ReleaseNET40_Only|Any CPU.Build.0 = Release|Any CPU
		{03ADFBEA-E5C7-4934-8327-72358A1083E2}.Debug|Any CPU.ActiveCfg = Debug|Any CPU
		{03ADFBEA-E5C7-4934-8327-72358A1083E2}.Debug|Any CPU.Build.0 = Debug|Any CPU
		{03ADFBEA-E5C7-4934-8327-72358A1083E2}.Release|Any CPU.ActiveCfg = Release|Any CPU
		{03ADFBEA-E5C7-4934-8327-72358A1083E2}.Release|Any CPU.Build.0 = Release|Any CPU
		{03ADFBEA-E5C7-4934-8327-72358A1083E2}.ReleaseNET40_Only|Any CPU.ActiveCfg = Release|Any CPU
		{03ADFBEA-E5C7-4934-8327-72358A1083E2}.ReleaseNET40_Only|Any CPU.Build.0 = Release|Any CPU
		{E6EF8E13-301B-4877-92BD-83FFBC7CD1D2}.Debug|Any CPU.ActiveCfg = Debug|Any CPU
		{E6EF8E13-301B-4877-92BD-83FFBC7CD1D2}.Debug|Any CPU.Build.0 = Debug|Any CPU
		{E6EF8E13-301B-4877-92BD-83FFBC7CD1D2}.Release|Any CPU.ActiveCfg = Release|Any CPU
		{E6EF8E13-301B-4877-92BD-83FFBC7CD1D2}.Release|Any CPU.Build.0 = Release|Any CPU
		{E6EF8E13-301B-4877-92BD-83FFBC7CD1D2}.ReleaseNET40_Only|Any CPU.ActiveCfg = Release|Any CPU
		{E6EF8E13-301B-4877-92BD-83FFBC7CD1D2}.ReleaseNET40_Only|Any CPU.Build.0 = Release|Any CPU
	EndGlobalSection
	GlobalSection(SolutionProperties) = preSolution
		HideSolutionNode = FALSE
	EndGlobalSection
	GlobalSection(ExtensibilityGlobals) = postSolution
		SolutionGuid = {66349E2A-2D69-45C6-B877-AEA1EE3F8517}
	EndGlobalSection
EndGlobal
